github.com/golang/snappy v0.0.4/go.mod h1:/XxbfmMg8lxefKM7IXC3fBNl/7bRcc72aCRzEWrmP2Q=
github.com/sijms/go-ora/v2 v2.8.22 h1:3ABgRzVKxS439cEgSLjFKutIwOyhnyi4oOSBywEdOlU=
github.com/sijms/go-ora/v2 v2.8.22/go.mod h1:QgFInVi3ZWyqAiJwzBQA+nbKYKH77tdp1PYoCqhR2dU=
golang.org/x/net v0.34.0/go.mod h1:di0qlW3YNM5oh6GqDGQr92MyTozJPmybPK4Ev/Gm31k=
